
Microsoft Visual Studio Solution File, Format Version 12.00
# Visual Studio Version 16
VisualStudioVersion = 16.0.29209.62
MinimumVisualStudioVersion = 10.0.40219.1
Project("{FAE04EC0-301F-11D3-BF4B-00C04F79EFBC}") = "Dog", "Dog\Dog.csproj", "{158B9733-3C2B-4519-8D3D-EE0498C934A7}"
EndProject
Global
	GlobalSection(SolutionConfigurationPlatforms) = preSolution
		Debug|Any CPU = Debug|Any CPU
		Release|Any CPU = Release|Any CPU
	EndGlobalSection
	GlobalSection(ProjectConfigurationPlatforms) = postSolution
		{158B9733-3C2B-4519-8D3D-EE0498C934A7}.Debug|Any CPU.ActiveCfg = Debug|Any CPU
		{158B9733-3C2B-4519-8D3D-EE0498C934A7}.Debug|Any CPU.Build.0 = Debug|Any CPU
		{158B9733-3C2B-4519-8D3D-EE0498C934A7}.Release|Any CPU.ActiveCfg = Release|Any CPU
		{158B9733-3C2B-4519-8D3D-EE0498C934A7}.Release|Any CPU.Build.0 = Release|Any CPU
	EndGlobalSection
	GlobalSection(SolutionProperties) = preSolution
		HideSolutionNode = FALSE
	EndGlobalSection
	GlobalSection(ExtensibilityGlobals) = postSolution
		SolutionGuid = {A11DA5A5-36BF-4292-A677-4807F5B8BE33}
	EndGlobalSection
EndGlobal
